// !$*UTF8*$!
{
	archiveVersion = 1;
	classes = {
	};
	objectVersion = 56;
	objects = {

/* Begin PBXBuildFile section */
		C6893A212963CFC40034098B /* AppDelegate.swift in Sources */ = {isa = PBXBuildFile; fileRef = C6893A202963CFC40034098B /* AppDelegate.swift */; };
		C6893A232963CFC40034098B /* SceneDelegate.swift in Sources */ = {isa = PBXBuildFile; fileRef = C6893A222963CFC40034098B /* SceneDelegate.swift */; };
		C6893A252963CFC40034098B /* ViewController.swift in Sources */ = {isa = PBXBuildFile; fileRef = C6893A242963CFC40034098B /* ViewController.swift */; };
		C6893A282963CFC40034098B /* Main.storyboard in Resources */ = {isa = PBXBuildFile; fileRef = C6893A262963CFC40034098B /* Main.storyboard */; };
		C6893A2A2963CFC60034098B /* Assets.xcassets in Resources */ = {isa = PBXBuildFile; fileRef = C6893A292963CFC60034098B /* Assets.xcassets */; };
		C6893A2D2963CFC60034098B /* LaunchScreen.storyboard in Resources */ = {isa = PBXBuildFile; fileRef = C6893A2B2963CFC60034098B /* LaunchScreen.storyboard */; };
		C6893A382963CFC60034098B /* StudyiOSInstaTests.swift in Sources */ = {isa = PBXBuildFile; fileRef = C6893A372963CFC60034098B /* StudyiOSInstaTests.swift */; };
		C6893A422963CFC60034098B /* StudyiOSInstaUITests.swift in Sources */ = {isa = PBXBuildFile; fileRef = C6893A412963CFC60034098B /* StudyiOSInstaUITests.swift */; };
		C6893A442963CFC60034098B /* StudyiOSInstaUITestsLaunchTests.swift in Sources */ = {isa = PBXBuildFile; fileRef = C6893A432963CFC60034098B /* StudyiOSInstaUITestsLaunchTests.swift */; };
		C6893A522963E6B50034098B /* StackViewController.swift in Sources */ = {isa = PBXBuildFile; fileRef = C6893A512963E6B50034098B /* StackViewController.swift */; };
		C6893A542963EFC80034098B /* CircleButton.swift in Sources */ = {isa = PBXBuildFile; fileRef = C6893A532963EFC80034098B /* CircleButton.swift */; };
/* End PBXBuildFile section */

/* Begin PBXContainerItemProxy section */
		C6893A342963CFC60034098B /* PBXContainerItemProxy */ = {
			isa = PBXContainerItemProxy;
			containerPortal = C6893A152963CFC40034098B /* Project object */;
			proxyType = 1;
			remoteGlobalIDString = C6893A1C2963CFC40034098B;
			remoteInfo = StudyiOSInsta;
		};
		C6893A3E2963CFC60034098B /* PBXContainerItemProxy */ = {
			isa = PBXContainerItemProxy;
			containerPortal = C6893A152963CFC40034098B /* Project object */;
			proxyType = 1;
			remoteGlobalIDString = C6893A1C2963CFC40034098B;
			remoteInfo = StudyiOSInsta;
		};
/* End PBXContainerItemProxy section */

/* Begin PBXFileReference section */
		C6893A1D2963CFC40034098B /* StudyiOSInsta.app */ = {isa = PBXFileReference; explicitFileType = wrapper.application; includeInIndex = 0; path = StudyiOSInsta.app; sourceTree = BUILT_PRODUCTS_DIR; };
		C6893A202963CFC40034098B /* AppDelegate.swift */ = {isa = PBXFileReference; lastKnownFileType = sourcecode.swift; path = AppDelegate.swift; sourceTree = "<group>"; };
		C6893A222963CFC40034098B /* SceneDelegate.swift */ = {isa = PBXFileReference; lastKnownFileType = sourcecode.swift; path = SceneDelegate.swift; sourceTree = "<group>"; };
		C6893A242963CFC40034098B /* ViewController.swift */ = {isa = PBXFileReference; lastKnownFileType = sourcecode.swift; path = ViewController.swift; sourceTree = "<group>"; };
		C6893A272963CFC40034098B /* Base */ = {isa = PBXFileReference; lastKnownFileType = file.storyboard; name = Base; path = Base.lproj/Main.storyboard; sourceTree = "<group>"; };
		C6893A292963CFC60034098B /* Assets.xcassets */ = {isa = PBXFileReference; lastKnownFileType = folder.assetcatalog; path = Assets.xcassets; sourceTree = "<group>"; };
		C6893A2C2963CFC60034098B /* Base */ = {isa = PBXFileReference; lastKnownFileType = file.storyboard; name = Base; path = Base.lproj/LaunchScreen.storyboard; sourceTree = "<group>"; };
		C6893A2E2963CFC60034098B /* Info.plist */ = {isa = PBXFileReference; lastKnownFileType = text.plist.xml; path = Info.plist; sourceTree = "<group>"; };
		C6893A332963CFC60034098B /* StudyiOSInstaTests.xctest */ = {isa = PBXFileReference; explicitFileType = wrapper.cfbundle; includeInIndex = 0; path = StudyiOSInstaTests.xctest; sourceTree = BUILT_PRODUCTS_DIR; };
		C6893A372963CFC60034098B /* StudyiOSInstaTests.swift */ = {isa = PBXFileReference; lastKnownFileType = sourcecode.swift; path = StudyiOSInstaTests.swift; sourceTree = "<group>"; };
		C6893A3D2963CFC60034098B /* StudyiOSInstaUITests.xctest */ = {isa = PBXFileReference; explicitFileType = wrapper.cfbundle; includeInIndex = 0; path = StudyiOSInstaUITests.xctest; sourceTree = BUILT_PRODUCTS_DIR; };
		C6893A412963CFC60034098B /* StudyiOSInstaUITests.swift */ = {isa = PBXFileReference; lastKnownFileType = sourcecode.swift; path = StudyiOSInstaUITests.swift; sourceTree = "<group>"; };
		C6893A432963CFC60034098B /* StudyiOSInstaUITestsLaunchTests.swift */ = {isa = PBXFileReference; lastKnownFileType = sourcecode.swift; path = StudyiOSInstaUITestsLaunchTests.swift; sourceTree = "<group>"; };
		C6893A512963E6B50034098B /* StackViewController.swift */ = {isa = PBXFileReference; lastKnownFileType = sourcecode.swift; path = StackViewController.swift; sourceTree = "<group>"; };
		C6893A532963EFC80034098B /* CircleButton.swift */ = {isa = PBXFileReference; lastKnownFileType = sourcecode.swift; path = CircleButton.swift; sourceTree = "<group>"; };
/* End PBXFileReference section */

/* Begin PBXFrameworksBuildPhase section */
		C6893A1A2963CFC40034098B /* Frameworks */ = {
			isa = PBXFrameworksBuildPhase;
			buildActionMask = 2147483647;
			files = (
			);
			runOnlyForDeploymentPostprocessing = 0;
		};
		C6893A302963CFC60034098B /* Frameworks */ = {
			isa = PBXFrameworksBuildPhase;
			buildActionMask = 2147483647;
			files = (
			);
			runOnlyForDeploymentPostprocessing = 0;
		};
		C6893A3A2963CFC60034098B /* Frameworks */ = {
			isa = PBXFrameworksBuildPhase;
			buildActionMask = 2147483647;
			files = (
			);
			runOnlyForDeploymentPostprocessing = 0;
		};
/* End PBXFrameworksBuildPhase section */

/* Begin PBXGroup section */
		C6893A142963CFC40034098B = {
			isa = PBXGroup;
			children = (
				C6893A1F2963CFC40034098B /* StudyiOSInsta */,
				C6893A362963CFC60034098B /* StudyiOSInstaTests */,
				C6893A402963CFC60034098B /* StudyiOSInstaUITests */,
				C6893A1E2963CFC40034098B /* Products */,
			);
			sourceTree = "<group>";
		};
		C6893A1E2963CFC40034098B /* Products */ = {
			isa = PBXGroup;
			children = (
				C6893A1D2963CFC40034098B /* StudyiOSInsta.app */,
				C6893A332963CFC60034098B /* StudyiOSInstaTests.xctest */,
				C6893A3D2963CFC60034098B /* StudyiOSInstaUITests.xctest */,
			);
			name = Products;
			sourceTree = "<group>";
		};
		C6893A1F2963CFC40034098B /* StudyiOSInsta */ = {
			isa = PBXGroup;
			children = (
				C6893A502963E69D0034098B /* StudiedStackView */,
				C6893A202963CFC40034098B /* AppDelegate.swift */,
				C6893A222963CFC40034098B /* SceneDelegate.swift */,
				C6893A242963CFC40034098B /* ViewController.swift */,
				C6893A262963CFC40034098B /* Main.storyboard */,
				C6893A292963CFC60034098B /* Assets.xcassets */,
				C6893A2B2963CFC60034098B /* LaunchScreen.storyboard */,
				C6893A2E2963CFC60034098B /* Info.plist */,
			);
			path = StudyiOSInsta;
			sourceTree = "<group>";
		};
		C6893A362963CFC60034098B /* StudyiOSInstaTests */ = {
			isa = PBXGroup;
			children = (
				C6893A372963CFC60034098B /* StudyiOSInstaTests.swift */,
			);
			path = StudyiOSInstaTests;
			sourceTree = "<group>";
		};
		C6893A402963CFC60034098B /* StudyiOSInstaUITests */ = {
			isa = PBXGroup;
			children = (
				C6893A412963CFC60034098B /* StudyiOSInstaUITests.swift */,
				C6893A432963CFC60034098B /* StudyiOSInstaUITestsLaunchTests.swift */,
			);
			path = StudyiOSInstaUITests;
			sourceTree = "<group>";
		};
		C6893A502963E69D0034098B /* StudiedStackView */ = {
			isa = PBXGroup;
			children = (
				C6893A512963E6B50034098B /* StackViewController.swift */,
				C6893A532963EFC80034098B /* CircleButton.swift */,
			);
			path = StudiedStackView;
			sourceTree = "<group>";
		};
/* End PBXGroup section */

/* Begin PBXNativeTarget section */
		C6893A1C2963CFC40034098B /* StudyiOSInsta */ = {
			isa = PBXNativeTarget;
			buildConfigurationList = C6893A472963CFC60034098B /* Build configuration list for PBXNativeTarget "StudyiOSInsta" */;
			buildPhases = (
				C6893A192963CFC40034098B /* Sources */,
				C6893A1A2963CFC40034098B /* Frameworks */,
				C6893A1B2963CFC40034098B /* Resources */,
			);
			buildRules = (
			);
			dependencies = (
			);
			name = StudyiOSInsta;
			productName = StudyiOSInsta;
			productReference = C6893A1D2963CFC40034098B /* StudyiOSInsta.app */;
			productType = "com.apple.product-type.application";
		};
		C6893A322963CFC60034098B /* StudyiOSInstaTests */ = {
			isa = PBXNativeTarget;
			buildConfigurationList = C6893A4A2963CFC60034098B /* Build configuration list for PBXNativeTarget "StudyiOSInstaTests" */;
			buildPhases = (
				C6893A2F2963CFC60034098B /* Sources */,
				C6893A302963CFC60034098B /* Frameworks */,
				C6893A312963CFC60034098B /* Resources */,
			);
			buildRules = (
			);
			dependencies = (
				C6893A352963CFC60034098B /* PBXTargetDependency */,
			);
			name = StudyiOSInstaTests;
			productName = StudyiOSInstaTests;
			productReference = C6893A332963CFC60034098B /* StudyiOSInstaTests.xctest */;
			productType = "com.apple.product-type.bundle.unit-test";
		};
		C6893A3C2963CFC60034098B /* StudyiOSInstaUITests */ = {
			isa = PBXNativeTarget;
			buildConfigurationList = C6893A4D2963CFC60034098B /* Build configuration list for PBXNativeTarget "StudyiOSInstaUITests" */;
			buildPhases = (
				C6893A392963CFC60034098B /* Sources */,
				C6893A3A2963CFC60034098B /* Frameworks */,
				C6893A3B2963CFC60034098B /* Resources */,
			);
			buildRules = (
			);
			dependencies = (
				C6893A3F2963CFC60034098B /* PBXTargetDependency */,
			);
			name = StudyiOSInstaUITests;
			productName = StudyiOSInstaUITests;
			productReference = C6893A3D2963CFC60034098B /* StudyiOSInstaUITests.xctest */;
			productType = "com.apple.product-type.bundle.ui-testing";
		};
/* End PBXNativeTarget section */

/* Begin PBXProject section */
		C6893A152963CFC40034098B /* Project object */ = {
			isa = PBXProject;
			attributes = {
				BuildIndependentTargetsInParallel = 1;
				LastSwiftUpdateCheck = 1420;
				LastUpgradeCheck = 1420;
				TargetAttributes = {
					C6893A1C2963CFC40034098B = {
						CreatedOnToolsVersion = 14.2;
					};
					C6893A322963CFC60034098B = {
						CreatedOnToolsVersion = 14.2;
						TestTargetID = C6893A1C2963CFC40034098B;
					};
					C6893A3C2963CFC60034098B = {
						CreatedOnToolsVersion = 14.2;
						TestTargetID = C6893A1C2963CFC40034098B;
					};
				};
			};
			buildConfigurationList = C6893A182963CFC40034098B /* Build configuration list for PBXProject "StudyiOSInsta" */;
			compatibilityVersion = "Xcode 14.0";
			developmentRegion = en;
			hasScannedForEncodings = 0;
			knownRegions = (
				en,
				Base,
			);
			mainGroup = C6893A142963CFC40034098B;
			productRefGroup = C6893A1E2963CFC40034098B /* Products */;
			projectDirPath = "";
			projectRoot = "";
			targets = (
				C6893A1C2963CFC40034098B /* StudyiOSInsta */,
				C6893A322963CFC60034098B /* StudyiOSInstaTests */,
				C6893A3C2963CFC60034098B /* StudyiOSInstaUITests */,
			);
		};
/* End PBXProject section */

/* Begin PBXResourcesBuildPhase section */
		C6893A1B2963CFC40034098B /* Resources */ = {
			isa = PBXResourcesBuildPhase;
			buildActionMask = 2147483647;
			files = (
				C6893A2D2963CFC60034098B /* LaunchScreen.storyboard in Resources */,
				C6893A2A2963CFC60034098B /* Assets.xcassets in Resources */,
				C6893A282963CFC40034098B /* Main.storyboard in Resources */,
			);
			runOnlyForDeploymentPostprocessing = 0;
		};
		C6893A312963CFC60034098B /* Resources */ = {
			isa = PBXResourcesBuildPhase;
			buildActionMask = 2147483647;
			files = (
			);
			runOnlyForDeploymentPostprocessing = 0;
		};
		C6893A3B2963CFC60034098B /* Resources */ = {
			isa = PBXResourcesBuildPhase;
			buildActionMask = 2147483647;
			files = (
			);
			runOnlyForDeploymentPostprocessing = 0;
		};
/* End PBXResourcesBuildPhase section */

/* Begin PBXSourcesBuildPhase section */
		C6893A192963CFC40034098B /* Sources */ = {
			isa = PBXSourcesBuildPhase;
			buildActionMask = 2147483647;
			files = (
				C6893A542963EFC80034098B /* CircleButton.swift in Sources */,
				C6893A252963CFC40034098B /* ViewController.swift in Sources */,
				C6893A522963E6B50034098B /* StackViewController.swift in Sources */,
				C6893A212963CFC40034098B /* AppDelegate.swift in Sources */,
				C6893A232963CFC40034098B /* SceneDelegate.swift in Sources */,
			);
			runOnlyForDeploymentPostprocessing = 0;
		};
		C6893A2F2963CFC60034098B /* Sources */ = {
			isa = PBXSourcesBuildPhase;
			buildActionMask = 2147483647;
			files = (
				C6893A382963CFC60034098B /* StudyiOSInstaTests.swift in Sources */,
			);
			runOnlyForDeploymentPostprocessing = 0;
		};
		C6893A392963CFC60034098B /* Sources */ = {
			isa = PBXSourcesBuildPhase;
			buildActionMask = 2147483647;
			files = (
				C6893A442963CFC60034098B /* StudyiOSInstaUITestsLaunchTests.swift in Sources */,
				C6893A422963CFC60034098B /* StudyiOSInstaUITests.swift in Sources */,
			);
			runOnlyForDeploymentPostprocessing = 0;
		};
/* End PBXSourcesBuildPhase section */

/* Begin PBXTargetDependency section */
		C6893A352963CFC60034098B /* PBXTargetDependency */ = {
			isa = PBXTargetDependency;
			target = C6893A1C2963CFC40034098B /* StudyiOSInsta */;
			targetProxy = C6893A342963CFC60034098B /* PBXContainerItemProxy */;
		};
		C6893A3F2963CFC60034098B /* PBXTargetDependency */ = {
			isa = PBXTargetDependency;
			target = C6893A1C2963CFC40034098B /* StudyiOSInsta */;
			targetProxy = C6893A3E2963CFC60034098B /* PBXContainerItemProxy */;
		};
/* End PBXTargetDependency section */

/* Begin PBXVariantGroup section */
		C6893A262963CFC40034098B /* Main.storyboard */ = {
			isa = PBXVariantGroup;
			children = (
				C6893A272963CFC40034098B /* Base */,
			);
			name = Main.storyboard;
			sourceTree = "<group>";
		};
		C6893A2B2963CFC60034098B /* LaunchScreen.storyboard */ = {
			isa = PBXVariantGroup;
			children = (
				C6893A2C2963CFC60034098B /* Base */,
			);
			name = LaunchScreen.storyboard;
			sourceTree = "<group>";
		};
/* End PBXVariantGroup section */

/* Begin XCBuildConfiguration section */
		C6893A452963CFC60034098B /* Debug */ = {
			isa = XCBuildConfiguration;
			buildSettings = {
				ALWAYS_SEARCH_USER_PATHS = NO;
				CLANG_ANALYZER_NONNULL = YES;
				CLANG_ANALYZER_NUMBER_OBJECT_CONVERSION = YES_AGGRESSIVE;
				CLANG_CXX_LANGUAGE_STANDARD = "gnu++20";
				CLANG_ENABLE_MODULES = YES;
				CLANG_ENABLE_OBJC_ARC = YES;
				CLANG_ENABLE_OBJC_WEAK = YES;
				CLANG_WARN_BLOCK_CAPTURE_AUTORELEASING = YES;
				CLANG_WARN_BOOL_CONVERSION = YES;
				CLANG_WARN_COMMA = YES;
				CLANG_WARN_CONSTANT_CONVERSION = YES;
				CLANG_WARN_DEPRECATED_OBJC_IMPLEMENTATIONS = YES;
				CLANG_WARN_DIRECT_OBJC_ISA_USAGE = YES_ERROR;
				CLANG_WARN_DOCUMENTATION_COMMENTS = YES;
				CLANG_WARN_EMPTY_BODY = YES;
				CLANG_WARN_ENUM_CONVERSION = YES;
				CLANG_WARN_INFINITE_RECURSION = YES;
				CLANG_WARN_INT_CONVERSION = YES;
				CLANG_WARN_NON_LITERAL_NULL_CONVERSION = YES;
				CLANG_WARN_OBJC_IMPLICIT_RETAIN_SELF = YES;
				CLANG_WARN_OBJC_LITERAL_CONVERSION = YES;
				CLANG_WARN_OBJC_ROOT_CLASS = YES_ERROR;
				CLANG_WARN_QUOTED_INCLUDE_IN_FRAMEWORK_HEADER = YES;
				CLANG_WARN_RANGE_LOOP_ANALYSIS = YES;
				CLANG_WARN_STRICT_PROTOTYPES = YES;
				CLANG_WARN_SUSPICIOUS_MOVE = YES;
				CLANG_WARN_UNGUARDED_AVAILABILITY = YES_AGGRESSIVE;
				CLANG_WARN_UNREACHABLE_CODE = YES;
				CLANG_WARN__DUPLICATE_METHOD_MATCH = YES;
				COPY_PHASE_STRIP = NO;
				DEBUG_INFORMATION_FORMAT = dwarf;
				ENABLE_STRICT_OBJC_MSGSEND = YES;
				ENABLE_TESTABILITY = YES;
				GCC_C_LANGUAGE_STANDARD = gnu11;
				GCC_DYNAMIC_NO_PIC = NO;
				GCC_NO_COMMON_BLOCKS = YES;
				GCC_OPTIMIZATION_LEVEL = 0;
				GCC_PREPROCESSOR_DEFINITIONS = (
					"DEBUG=1",
					"$(inherited)",
				);
				GCC_WARN_64_TO_32_BIT_CONVERSION = YES;
				GCC_WARN_ABOUT_RETURN_TYPE = YES_ERROR;
				GCC_WARN_UNDECLARED_SELECTOR = YES;
				GCC_WARN_UNINITIALIZED_AUTOS = YES_AGGRESSIVE;
				GCC_WARN_UNUSED_FUNCTION = YES;
				GCC_WARN_UNUSED_VARIABLE = YES;
				IPHONEOS_DEPLOYMENT_TARGET = 16.2;
				MTL_ENABLE_DEBUG_INFO = INCLUDE_SOURCE;
				MTL_FAST_MATH = YES;
				ONLY_ACTIVE_ARCH = YES;
				SDKROOT = iphoneos;
				SWIFT_ACTIVE_COMPILATION_CONDITIONS = DEBUG;
				SWIFT_OPTIMIZATION_LEVEL = "-Onone";
			};
			name = Debug;
		};
		C6893A462963CFC60034098B /* Release */ = {
			isa = XCBuildConfiguration;
			buildSettings = {
				ALWAYS_SEARCH_USER_PATHS = NO;
				CLANG_ANALYZER_NONNULL = YES;
				CLANG_ANALYZER_NUMBER_OBJECT_CONVERSION = YES_AGGRESSIVE;
				CLANG_CXX_LANGUAGE_STANDARD = "gnu++20";
				CLANG_ENABLE_MODULES = YES;
				CLANG_ENABLE_OBJC_ARC = YES;
				CLANG_ENABLE_OBJC_WEAK = YES;
				CLANG_WARN_BLOCK_CAPTURE_AUTORELEASING = YES;
				CLANG_WARN_BOOL_CONVERSION = YES;
				CLANG_WARN_COMMA = YES;
				CLANG_WARN_CONSTANT_CONVERSION = YES;
				CLANG_WARN_DEPRECATED_OBJC_IMPLEMENTATIONS = YES;
				CLANG_WARN_DIRECT_OBJC_ISA_USAGE = YES_ERROR;
				CLANG_WARN_DOCUMENTATION_COMMENTS = YES;
				CLANG_WARN_EMPTY_BODY = YES;
				CLANG_WARN_ENUM_CONVERSION = YES;
				CLANG_WARN_INFINITE_RECURSION = YES;
				CLANG_WARN_INT_CONVERSION = YES;
				CLANG_WARN_NON_LITERAL_NULL_CONVERSION = YES;
				CLANG_WARN_OBJC_IMPLICIT_RETAIN_SELF = YES;
				CLANG_WARN_OBJC_LITERAL_CONVERSION = YES;
				CLANG_WARN_OBJC_ROOT_CLASS = YES_ERROR;
				CLANG_WARN_QUOTED_INCLUDE_IN_FRAMEWORK_HEADER = YES;
				CLANG_WARN_RANGE_LOOP_ANALYSIS = YES;
				CLANG_WARN_STRICT_PROTOTYPES = YES;
				CLANG_WARN_SUSPICIOUS_MOVE = YES;
				CLANG_WARN_UNGUARDED_AVAILABILITY = YES_AGGRESSIVE;
				CLANG_WARN_UNREACHABLE_CODE = YES;
				CLANG_WARN__DUPLICATE_METHOD_MATCH = YES;
				COPY_PHASE_STRIP = NO;
				DEBUG_INFORMATION_FORMAT = "dwarf-with-dsym";
				ENABLE_NS_ASSERTIONS = NO;
				ENABLE_STRICT_OBJC_MSGSEND = YES;
				GCC_C_LANGUAGE_STANDARD = gnu11;
				GCC_NO_COMMON_BLOCKS = YES;
				GCC_WARN_64_TO_32_BIT_CONVERSION = YES;
				GCC_WARN_ABOUT_RETURN_TYPE = YES_ERROR;
				GCC_WARN_UNDECLARED_SELECTOR = YES;
				GCC_WARN_UNINITIALIZED_AUTOS = YES_AGGRESSIVE;
				GCC_WARN_UNUSED_FUNCTION = YES;
				GCC_WARN_UNUSED_VARIABLE = YES;
				IPHONEOS_DEPLOYMENT_TARGET = 16.2;
				MTL_ENABLE_DEBUG_INFO = NO;
				MTL_FAST_MATH = YES;
				SDKROOT = iphoneos;
				SWIFT_COMPILATION_MODE = wholemodule;
				SWIFT_OPTIMIZATION_LEVEL = "-O";
				VALIDATE_PRODUCT = YES;
			};
			name = Release;
		};
		C6893A482963CFC60034098B /* Debug */ = {
			isa = XCBuildConfiguration;
			buildSettings = {
				ASSETCATALOG_COMPILER_APPICON_NAME = AppIcon;
				ASSETCATALOG_COMPILER_GLOBAL_ACCENT_COLOR_NAME = AccentColor;
				CODE_SIGN_STYLE = Automatic;
				CURRENT_PROJECT_VERSION = 1;
				GENERATE_INFOPLIST_FILE = YES;
				INFOPLIST_FILE = StudyiOSInsta/Info.plist;
				INFOPLIST_KEY_UIApplicationSupportsIndirectInputEvents = YES;
				INFOPLIST_KEY_UILaunchStoryboardName = LaunchScreen;
				INFOPLIST_KEY_UIMainStoryboardFile = Main;
				INFOPLIST_KEY_UISupportedInterfaceOrientations_iPad = "UIInterfaceOrientationPortrait UIInterfaceOrientationPortraitUpsideDown UIInterfaceOrientationLandscapeLeft UIInterfaceOrientationLandscapeRight";
				INFOPLIST_KEY_UISupportedInterfaceOrientations_iPhone = "UIInterfaceOrientationPortrait UIInterfaceOrientationLandscapeLeft UIInterfaceOrientationLandscapeRight";
				LD_RUNPATH_SEARCH_PATHS = (
					"$(inherited)",
					"@executable_path/Frameworks",
				);
				MARKETING_VERSION = 1.0;
				PRODUCT_BUNDLE_IDENTIFIER = com.study.StudyiOSInsta;
				PRODUCT_NAME = "$(TARGET_NAME)";
				SWIFT_EMIT_LOC_STRINGS = YES;
				SWIFT_VERSION = 5.0;
				TARGETED_DEVICE_FAMILY = "1,2";
			};
			name = Debug;
		};
		C6893A492963CFC60034098B /* Release */ = {
			isa = XCBuildConfiguration;
			buildSettings = {
				ASSETCATALOG_COMPILER_APPICON_NAME = AppIcon;
				ASSETCATALOG_COMPILER_GLOBAL_ACCENT_COLOR_NAME = AccentColor;
				CODE_SIGN_STYLE = Automatic;
				CURRENT_PROJECT_VERSION = 1;
				GENERATE_INFOPLIST_FILE = YES;
				INFOPLIST_FILE = StudyiOSInsta/Info.plist;
				INFOPLIST_KEY_UIApplicationSupportsIndirectInputEvents = YES;
				INFOPLIST_KEY_UILaunchStoryboardName = LaunchScreen;
				INFOPLIST_KEY_UIMainStoryboardFile = Main;
				INFOPLIST_KEY_UISupportedInterfaceOrientations_iPad = "UIInterfaceOrientationPortrait UIInterfaceOrientationPortraitUpsideDown UIInterfaceOrientationLandscapeLeft UIInterfaceOrientationLandscapeRight";
				INFOPLIST_KEY_UISupportedInterfaceOrientations_iPhone = "UIInterfaceOrientationPortrait UIInterfaceOrientationLandscapeLeft UIInterfaceOrientationLandscapeRight";
				LD_RUNPATH_SEARCH_PATHS = (
					"$(inherited)",
					"@executable_path/Frameworks",
				);
				MARKETING_VERSION = 1.0;
				PRODUCT_BUNDLE_IDENTIFIER = com.study.StudyiOSInsta;
				PRODUCT_NAME = "$(TARGET_NAME)";
				SWIFT_EMIT_LOC_STRINGS = YES;
				SWIFT_VERSION = 5.0;
				TARGETED_DEVICE_FAMILY = "1,2";
			};
			name = Release;
		};
		C6893A4B2963CFC60034098B /* Debug */ = {
			isa = XCBuildConfiguration;
			buildSettings = {
				ALWAYS_EMBED_SWIFT_STANDARD_LIBRARIES = YES;
				BUNDLE_LOADER = "$(TEST_HOST)";
				CODE_SIGN_STYLE = Automatic;
				CURRENT_PROJECT_VERSION = 1;
				GENERATE_INFOPLIST_FILE = YES;
				IPHONEOS_DEPLOYMENT_TARGET = 16.2;
				MARKETING_VERSION = 1.0;
				PRODUCT_BUNDLE_IDENTIFIER = com.study.StudyiOSInstaTests;
				PRODUCT_NAME = "$(TARGET_NAME)";
				SWIFT_EMIT_LOC_STRINGS = NO;
				SWIFT_VERSION = 5.0;
				TARGETED_DEVICE_FAMILY = "1,2";
				TEST_HOST = "$(BUILT_PRODUCTS_DIR)/StudyiOSInsta.app/$(BUNDLE_EXECUTABLE_FOLDER_PATH)/StudyiOSInsta";
			};
			name = Debug;
		};
		C6893A4C2963CFC60034098B /* Release */ = {
			isa = XCBuildConfiguration;
			buildSettings = {
				ALWAYS_EMBED_SWIFT_STANDARD_LIBRARIES = YES;
				BUNDLE_LOADER = "$(TEST_HOST)";
				CODE_SIGN_STYLE = Automatic;
				CURRENT_PROJECT_VERSION = 1;
				GENERATE_INFOPLIST_FILE = YES;
				IPHONEOS_DEPLOYMENT_TARGET = 16.2;
				MARKETING_VERSION = 1.0;
				PRODUCT_BUNDLE_IDENTIFIER = com.study.StudyiOSInstaTests;
				PRODUCT_NAME = "$(TARGET_NAME)";
				SWIFT_EMIT_LOC_STRINGS = NO;
				SWIFT_VERSION = 5.0;
				TARGETED_DEVICE_FAMILY = "1,2";
				TEST_HOST = "$(BUILT_PRODUCTS_DIR)/StudyiOSInsta.app/$(BUNDLE_EXECUTABLE_FOLDER_PATH)/StudyiOSInsta";
			};
			name = Release;
		};
		C6893A4E2963CFC60034098B /* Debug */ = {
			isa = XCBuildConfiguration;
			buildSettings = {
				ALWAYS_EMBED_SWIFT_STANDARD_LIBRARIES = YES;
				CODE_SIGN_STYLE = Automatic;
				CURRENT_PROJECT_VERSION = 1;
				GENERATE_INFOPLIST_FILE = YES;
				MARKETING_VERSION = 1.0;
				PRODUCT_BUNDLE_IDENTIFIER = com.study.StudyiOSInstaUITests;
				PRODUCT_NAME = "$(TARGET_NAME)";
				SWIFT_EMIT_LOC_STRINGS = NO;
				SWIFT_VERSION = 5.0;
				TARGETED_DEVICE_FAMILY = "1,2";
				TEST_TARGET_NAME = StudyiOSInsta;
			};
			name = Debug;
		};
		C6893A4F2963CFC60034098B /* Release */ = {
			isa = XCBuildConfiguration;
			buildSettings = {
				ALWAYS_EMBED_SWIFT_STANDARD_LIBRARIES = YES;
				CODE_SIGN_STYLE = Automatic;
				CURRENT_PROJECT_VERSION = 1;
				GENERATE_INFOPLIST_FILE = YES;
				MARKETING_VERSION = 1.0;
				PRODUCT_BUNDLE_IDENTIFIER = com.study.StudyiOSInstaUITests;
				PRODUCT_NAME = "$(TARGET_NAME)";
				SWIFT_EMIT_LOC_STRINGS = NO;
				SWIFT_VERSION = 5.0;
				TARGETED_DEVICE_FAMILY = "1,2";
				TEST_TARGET_NAME = StudyiOSInsta;
			};
			name = Release;
		};
/* End XCBuildConfiguration section */

/* Begin XCConfigurationList section */
		C6893A182963CFC40034098B /* Build configuration list for PBXProject "StudyiOSInsta" */ = {
			isa = XCConfigurationList;
			buildConfigurations = (
				C6893A452963CFC60034098B /* Debug */,
				C6893A462963CFC60034098B /* Release */,
			);
			defaultConfigurationIsVisible = 0;
			defaultConfigurationName = Release;
		};
		C6893A472963CFC60034098B /* Build configuration list for PBXNativeTarget "StudyiOSInsta" */ = {
			isa = XCConfigurationList;
			buildConfigurations = (
				C6893A482963CFC60034098B /* Debug */,
				C6893A492963CFC60034098B /* Release */,
			);
			defaultConfigurationIsVisible = 0;
			defaultConfigurationName = Release;
		};
		C6893A4A2963CFC60034098B /* Build configuration list for PBXNativeTarget "StudyiOSInstaTests" */ = {
			isa = XCConfigurationList;
			buildConfigurations = (
				C6893A4B2963CFC60034098B /* Debug */,
				C6893A4C2963CFC60034098B /* Release */,
			);
			defaultConfigurationIsVisible = 0;
			defaultConfigurationName = Release;
		};
		C6893A4D2963CFC60034098B /* Build configuration list for PBXNativeTarget "StudyiOSInstaUITests" */ = {
			isa = XCConfigurationList;
			buildConfigurations = (
				C6893A4E2963CFC60034098B /* Debug */,
				C6893A4F2963CFC60034098B /* Release */,
			);
			defaultConfigurationIsVisible = 0;
			defaultConfigurationName = Release;
		};
/* End XCConfigurationList section */
	};
	rootObject = C6893A152963CFC40034098B /* Project object */;
}
